# This file is automatically @generated by pesde.
# It is not intended for manual editing.
format = 2
name = "rvy/rbx_diff_studio_resolver"
version = "0.1.0"
target = "roblox"

[graph."caveful_games/argparse@0.1.2 lune"]
direct = ["argparse", { name = "caveful_games/argparse", version = "=0.1.2", index = "default", target = "lune" }, "standard"]

[graph."caveful_games/argparse@0.1.2 lune".pkg_ref]
ref_ty = "pesde"
index_url = "https://github.com/pesde-pkg/index"

[graph."caveful_games/argparse@0.1.2 lune".pkg_ref.dependencies]
luau_check = [{ name = "jiwonz/luau_check", version = "^0.2.0", index = "https://github.com/pesde-pkg/index" }, "dev"]
luau_lsp = [{ name = "pesde/luau_lsp", version = "^1.38.0", index = "https://github.com/pesde-pkg/index" }, "dev"]
selene = [{ name = "pesde/selene", version = "^0.27.1", index = "https://github.com/pesde-pkg/index" }, "dev"]
stylua = [{ name = "pesde/stylua", version = "^2.0.2", index = "https://github.com/pesde-pkg/index" }, "dev"]

[graph."wally#pepeeltoro41/ui-labs@2.4.2 roblox".pkg_ref]
ref_ty = "wally"
index_url = "https://github.com/UpliftGames/wally-index"

[graph."wally#revvy02/miu@0.2.0 roblox"]
direct = ["miu", { wally = "wally#revvy02/miu", version = "^0.2.0", index = "default" }, "standard"]

[graph."wally#revvy02/miu@0.2.0 roblox".dependencies]
retained_scope = ["wally#revvy02/retained-scope@0.1.0 roblox", "standard"]

[graph."wally#revvy02/miu@0.2.0 roblox".pkg_ref]
ref_ty = "wally"
index_url = "https://github.com/UpliftGames/wally-index"

[graph."wally#revvy02/miu@0.2.0 roblox".pkg_ref.dependencies]
retained_scope = [{ wally = "wally#revvy02/retained-scope", version = ">=0.1.0, <0.2.0", index = "https://github.com/UpliftGames/wally-index" }, "standard"]

[graph."wally#revvy02/miu-px@0.1.0 roblox"]
direct = ["miu_px", { wally = "wally#revvy02/miu-px", version = "^0.1.0", index = "default" }, "standard"]

[graph."wally#revvy02/miu-px@0.1.0 roblox".pkg_ref]
ref_ty = "wally"
index_url = "https://github.com/UpliftGames/wally-index"

[graph."wally#revvy02/miu-ui-labs@0.3.0 roblox"]
direct = ["miu_ui_labs", { wally = "wally#revvy02/miu-ui-labs", version = "^0.3.0", index = "default" }, "standard"]

[graph."wally#revvy02/miu-ui-labs@0.3.0 roblox".dependencies]
miu = ["wally#revvy02/miu@0.2.0 roblox", "standard"]
ui_labs = ["wally#pepeeltoro41/ui-labs@2.4.2 roblox", "standard"]

[graph."wally#revvy02/miu-ui-labs@0.3.0 roblox".pkg_ref]
ref_ty = "wally"
index_url = "https://github.com/UpliftGames/wally-index"

[graph."wally#revvy02/miu-ui-labs@0.3.0 roblox".pkg_ref.dependencies]
miu = [{ wally = "wally#revvy02/miu", version = ">=0.2.0, <0.3.0", index = "https://github.com/UpliftGames/wally-index" }, "standard"]
ui_labs = [{ wally = "wally#pepeeltoro41/ui-labs", version = ">=2.3.8, <3.0.0", index = "https://github.com/UpliftGames/wally-index" }, "standard"]

[graph."wally#revvy02/miu-virtual-list@0.3.0 roblox"]
direct = ["miu_virtual_list", { wally = "wally#revvy02/miu-virtual-list", version = "^0.3.0", index = "default" }, "standard"]

[graph."wally#revvy02/miu-virtual-list@0.3.0 roblox".dependencies]
miu = ["wally#revvy02/miu@0.2.0 roblox", "standard"]
miu_px = ["wally#revvy02/miu-px@0.1.0 roblox", "standard"]
miu_ui_labs = ["wally#revvy02/miu-ui-labs@0.3.0 roblox", "standard"]
ui_labs = ["wally#pepeeltoro41/ui-labs@2.4.2 roblox", "standard"]

[graph."wally#revvy02/miu-virtual-list@0.3.0 roblox".pkg_ref]
ref_ty = "wally"
index_url = "https://github.com/UpliftGames/wally-index"

[graph."wally#revvy02/miu-virtual-list@0.3.0 roblox".pkg_ref.dependencies]
miu = [{ wally = "wally#revvy02/miu", version = ">=0.2.0, <0.3.0", index = "https://github.com/UpliftGames/wally-index" }, "standard"]
miu_px = [{ wally = "wally#revvy02/miu-px", version = ">=0.1.0, <0.2.0", index = "https://github.com/UpliftGames/wally-index" }, "standard"]
miu_ui_labs = [{ wally = "wally#revvy02/miu-ui-labs", version = ">=0.3.0, <0.4.0", index = "https://github.com/UpliftGames/wally-index" }, "standard"]
ui_labs = [{ wally = "wally#pepeeltoro41/ui-labs", version = ">=2.3.8, <3.0.0", index = "https://github.com/UpliftGames/wally-index" }, "standard"]

[graph."wally#revvy02/miu-wind@0.2.0 roblox"]
direct = ["miu_wind", { wally = "wally#revvy02/miu-wind", version = "^0.2.0", index = "default" }, "standard"]

[graph."wally#revvy02/miu-wind@0.2.0 roblox".dependencies]
miu = ["wally#revvy02/miu@0.2.0 roblox", "standard"]
miu_px = ["wally#revvy02/miu-px@0.1.0 roblox", "standard"]

[graph."wally#revvy02/miu-wind@0.2.0 roblox".pkg_ref]
ref_ty = "wally"
index_url = "https://github.com/UpliftGames/wally-index"

[graph."wally#revvy02/miu-wind@0.2.0 roblox".pkg_ref.dependencies]
miu = [{ wally = "wally#revvy02/miu", version = ">=0.2.0, <0.3.0", index = "https://github.com/UpliftGames/wally-index" }, "standard"]
miu_px = [{ wally = "wally#revvy02/miu-px", version = ">=0.1.0, <0.2.0", index = "https://github.com/UpliftGames/wally-index" }, "standard"]

[graph."wally#revvy02/retained-scope@0.1.0 roblox".pkg_ref]
ref_ty = "wally"
index_url = "https://github.com/UpliftGames/wally-index"

[graph."wally#ukendio/jecs@0.10.4 roblox"]
direct = ["jecs", { wally = "wally#ukendio/jecs", version = "^0.10.4", index = "default" }, "standard"]

[graph."wally#ukendio/jecs@0.10.4 roblox".pkg_ref]
ref_ty = "wally"
index_url = "https://github.com/UpliftGames/wally-index"

[graph."wally#yetanotherclown/planck@0.3.0-rc.2 roblox"]
direct = ["planck", { wally = "wally#yetanotherclown/planck", version = "^0.3.0-rc.2", index = "default" }, "standard"]

[graph."wally#yetanotherclown/planck@0.3.0-rc.2 roblox".pkg_ref]
ref_ty = "wally"
index_url = "https://github.com/UpliftGames/wally-index"

[graph."wally#yetanotherclown/planck@0.3.0-rc.2 roblox".pkg_ref.dependencies]
Jest = [{ wally = "wally#jsdotlua/jest", version = ">=3.6.1-rc.2, <4.0.0", index = "https://github.com/UpliftGames/wally-index" }, "dev"]
JestGlobals = [{ wally = "wally#jsdotlua/jest-globals", version = ">=3.6.1-rc.2, <4.0.0", index = "https://github.com/UpliftGames/wally-index" }, "dev"]

[graph."wally#yetanotherclown/planck-runservice@0.3.0-rc.2 roblox"]
direct = ["planck_run_service", { wally = "wally#yetanotherclown/planck-runservice", version = "^0.3.0-rc.1", index = "default" }, "standard"]

[graph."wally#yetanotherclown/planck-runservice@0.3.0-rc.2 roblox".dependencies]
Planck = ["wally#yetanotherclown/planck@0.3.0-rc.2 roblox", "standard"]

[graph."wally#yetanotherclown/planck-runservice@0.3.0-rc.2 roblox".pkg_ref]
ref_ty = "wally"
index_url = "https://github.com/UpliftGames/wally-index"

[graph."wally#yetanotherclown/planck-runservice@0.3.0-rc.2 roblox".pkg_ref.dependencies]
Jest = [{ wally = "wally#jsdotlua/jest", version = ">=3.6.1-rc.2, <4.0.0", index = "https://github.com/UpliftGames/wally-index" }, "dev"]
JestGlobals = [{ wally = "wally#jsdotlua/jest-globals", version = ">=3.6.1-rc.2, <4.0.0", index = "https://github.com/UpliftGames/wally-index" }, "dev"]
Planck = [{ wally = "wally#yetanotherclown/planck", version = ">=0.3.0-rc.2, <0.4.0", index = "https://github.com/UpliftGames/wally-index" }, "standard"]
